
Microsoft Visual Studio Solution File, Format Version 12.00
# Visual Studio Version 16
VisualStudioVersion = 16.0.29920.165
MinimumVisualStudioVersion = 10.0.40219.1
Project("{FAE04EC0-301F-11D3-BF4B-00C04F79EFBC}") = "kubernetes", "kubernetes.csproj", "{14B07C91-B124-4D0A-8263-805270379ED0}"
EndProject
Global
	GlobalSection(SolutionConfigurationPlatforms) = preSolution
		Debug|Any CPU = Debug|Any CPU
		Release|Any CPU = Release|Any CPU
	EndGlobalSection
	GlobalSection(ProjectConfigurationPlatforms) = postSolution
		{14B07C91-B124-4D0A-8263-805270379ED0}.Debug|Any CPU.ActiveCfg = Debug|Any CPU
		{14B07C91-B124-4D0A-8263-805270379ED0}.Debug|Any CPU.Build.0 = Debug|Any CPU
		{14B07C91-B124-4D0A-8263-805270379ED0}.Release|Any CPU.ActiveCfg = Release|Any CPU
		{14B07C91-B124-4D0A-8263-805270379ED0}.Release|Any CPU.Build.0 = Release|Any CPU
	EndGlobalSection
	GlobalSection(SolutionProperties) = preSolution
		HideSolutionNode = FALSE
	EndGlobalSection
	GlobalSection(ExtensibilityGlobals) = postSolution
		SolutionGuid = {72946BC0-4E08-476D-A87B-9CDBE562EA2A}
	EndGlobalSection
EndGlobal
